
Microsoft Visual Studio Solution File, Format Version 12.00
# Visual Studio Version 16
VisualStudioVersion = 16.0.30413.136
MinimumVisualStudioVersion = 10.0.40219.1
Project("{9A19103F-16F7-4668-BE54-9A1E7A4F7556}") = "BitXBot.Console", "BitXBot.Console\BitXBot.Console.csproj", "{9706791A-5383-4758-9B83-8248B93BB0DE}"
EndProject
Project("{9A19103F-16F7-4668-BE54-9A1E7A4F7556}") = "BitXBot.External", "BitXBot.External\BitXBot.External.csproj", "{1288556D-66A8-4161-BCB2-B337346C33AF}"
EndProject
Project("{2150E333-8FDC-42A3-9474-1A3956D46DE8}") = "Resources", "Resources", "{CD473AB7-FA6F-4C0B-8732-24D83A473DDC}"
	ProjectSection(SolutionItems) = preProject
		bitbotSticker.png = bitbotSticker.png
	EndProjectSection
EndProject
Global
	GlobalSection(SolutionConfigurationPlatforms) = preSolution
		Debug|Any CPU = Debug|Any CPU
		Release|Any CPU = Release|Any CPU
	EndGlobalSection
	GlobalSection(ProjectConfigurationPlatforms) = postSolution
		{9706791A-5383-4758-9B83-8248B93BB0DE}.Debug|Any CPU.ActiveCfg = Debug|Any CPU
		{9706791A-5383-4758-9B83-8248B93BB0DE}.Debug|Any CPU.Build.0 = Debug|Any CPU
		{9706791A-5383-4758-9B83-8248B93BB0DE}.Release|Any CPU.ActiveCfg = Release|Any CPU
		{9706791A-5383-4758-9B83-8248B93BB0DE}.Release|Any CPU.Build.0 = Release|Any CPU
		{1288556D-66A8-4161-BCB2-B337346C33AF}.Debug|Any CPU.ActiveCfg = Debug|Any CPU
		{1288556D-66A8-4161-BCB2-B337346C33AF}.Debug|Any CPU.Build.0 = Debug|Any CPU
		{1288556D-66A8-4161-BCB2-B337346C33AF}.Release|Any CPU.ActiveCfg = Release|Any CPU
		{1288556D-66A8-4161-BCB2-B337346C33AF}.Release|Any CPU.Build.0 = Release|Any CPU
	EndGlobalSection
	GlobalSection(SolutionProperties) = preSolution
		HideSolutionNode = FALSE
	EndGlobalSection
	GlobalSection(ExtensibilityGlobals) = postSolution
		SolutionGuid = {A4FE11D3-24C1-4405-9E99-2BD0F8DFCDA2}
	EndGlobalSection
EndGlobal
